
Microsoft Visual Studio Solution File, Format Version 12.00
# Visual Studio Version 16
VisualStudioVersion = 16.0.29709.97
MinimumVisualStudioVersion = 10.0.40219.1
Project("{FAE04EC0-301F-11D3-BF4B-00C04F79EFBC}") = "Сессия1", "Сессия1\Сессия1.csproj", "{B55935A7-5B25-4C52-9856-CF17705F91E6}"
EndProject
Global
	GlobalSection(SolutionConfigurationPlatforms) = preSolution
		Debug|Any CPU = Debug|Any CPU
		Release|Any CPU = Release|Any CPU
	EndGlobalSection
	GlobalSection(ProjectConfigurationPlatforms) = postSolution
		{B55935A7-5B25-4C52-9856-CF17705F91E6}.Debug|Any CPU.ActiveCfg = Debug|Any CPU
		{B55935A7-5B25-4C52-9856-CF17705F91E6}.Debug|Any CPU.Build.0 = Debug|Any CPU
		{B55935A7-5B25-4C52-9856-CF17705F91E6}.Release|Any CPU.ActiveCfg = Release|Any CPU
		{B55935A7-5B25-4C52-9856-CF17705F91E6}.Release|Any CPU.Build.0 = Release|Any CPU
	EndGlobalSection
	GlobalSection(SolutionProperties) = preSolution
		HideSolutionNode = FALSE
	EndGlobalSection
	GlobalSection(ExtensibilityGlobals) = postSolution
		SolutionGuid = {9E7C81F4-A94B-48AB-9A4F-DB052EF4A37E}
	EndGlobalSection
EndGlobal
